# This file is automatically @generated by Cargo.
# It is not intended for manual editing.
version = 4

[[package]]
name = "enginerenderer"
version = "0.0.2"
dependencies = [
 "hardware",
]

[[package]]
name = "hardware"
version = "0.0.9"
source = "registry+https://github.com/rust-lang/crates.io-index"
checksum = "7767146884e8226dde28d93116a9d44cb0959ac19f86dec86ef3b3c6e885b01c"
